
Microsoft Visual Studio Solution File, Format Version 12.00
# Visual Studio Version 17
VisualStudioVersion = 17.0.31611.283
MinimumVisualStudioVersion = 10.0.40219.1
Project("{9A19103F-16F7-4668-BE54-9A1E7A4F7556}") = "AMClassLibraryForSave", "..\AMClassLibraryForSave\AMClassLibraryForSave.csproj", "{FD3B930B-B5DD-4FC0-B832-D31EFC4C76E6}"
EndProject
Project("{778DAE3C-4631-46EA-AA77-85C1314464D9}") = "AMClassLibrary", "..\AMClassLibrary\AMClassLibrary.vbproj", "{4A615A71-6283-4EFB-8E95-696EC20AC22D}"
EndProject
Project("{9A19103F-16F7-4668-BE54-9A1E7A4F7556}") = "AVENTURINECOIN_MAUIEDITION", "AVENTURINECOIN_MAUIEDITION.csproj", "{7540F68B-9337-4AE4-8667-3E4A30C54112}"
EndProject
Global
	GlobalSection(SolutionConfigurationPlatforms) = preSolution
		Debug|Any CPU = Debug|Any CPU
		Release|Any CPU = Release|Any CPU
	EndGlobalSection
	GlobalSection(ProjectConfigurationPlatforms) = postSolution
		{FD3B930B-B5DD-4FC0-B832-D31EFC4C76E6}.Debug|Any CPU.ActiveCfg = Debug|Any CPU
		{FD3B930B-B5DD-4FC0-B832-D31EFC4C76E6}.Debug|Any CPU.Build.0 = Debug|Any CPU
		{FD3B930B-B5DD-4FC0-B832-D31EFC4C76E6}.Release|Any CPU.ActiveCfg = Release|Any CPU
		{FD3B930B-B5DD-4FC0-B832-D31EFC4C76E6}.Release|Any CPU.Build.0 = Release|Any CPU
		{4A615A71-6283-4EFB-8E95-696EC20AC22D}.Debug|Any CPU.ActiveCfg = Debug|Any CPU
		{4A615A71-6283-4EFB-8E95-696EC20AC22D}.Debug|Any CPU.Build.0 = Debug|Any CPU
		{4A615A71-6283-4EFB-8E95-696EC20AC22D}.Release|Any CPU.ActiveCfg = Release|Any CPU
		{4A615A71-6283-4EFB-8E95-696EC20AC22D}.Release|Any CPU.Build.0 = Release|Any CPU
		{7540F68B-9337-4AE4-8667-3E4A30C54112}.Debug|Any CPU.ActiveCfg = Debug|Any CPU
		{7540F68B-9337-4AE4-8667-3E4A30C54112}.Debug|Any CPU.Build.0 = Debug|Any CPU
		{7540F68B-9337-4AE4-8667-3E4A30C54112}.Debug|Any CPU.Deploy.0 = Debug|Any CPU
		{7540F68B-9337-4AE4-8667-3E4A30C54112}.Release|Any CPU.ActiveCfg = Release|Any CPU
		{7540F68B-9337-4AE4-8667-3E4A30C54112}.Release|Any CPU.Build.0 = Release|Any CPU
		{7540F68B-9337-4AE4-8667-3E4A30C54112}.Release|Any CPU.Deploy.0 = Release|Any CPU
	EndGlobalSection
	GlobalSection(SolutionProperties) = preSolution
		HideSolutionNode = FALSE
	EndGlobalSection
	GlobalSection(ExtensibilityGlobals) = postSolution
		SolutionGuid = {61F7FB11-1E47-470C-91E2-47F8143E1572}
	EndGlobalSection
EndGlobal
